
Microsoft Visual Studio Solution File, Format Version 12.00
# Visual Studio Version 16
VisualStudioVersion = 16.0.33328.57
MinimumVisualStudioVersion = 10.0.40219.1
Project("{FAE04EC0-301F-11D3-BF4B-00C04F79EFBC}") = "FindTec", "FindTec\FindTec.csproj", "{BFB2577F-76E0-4A2E-8B54-7C8C8B33FD3E}"
EndProject
Global
	GlobalSection(SolutionConfigurationPlatforms) = preSolution
		Debug|Any CPU = Debug|Any CPU
		Release|Any CPU = Release|Any CPU
	EndGlobalSection
	GlobalSection(ProjectConfigurationPlatforms) = postSolution
		{BFB2577F-76E0-4A2E-8B54-7C8C8B33FD3E}.Debug|Any CPU.ActiveCfg = Debug|Any CPU
		{BFB2577F-76E0-4A2E-8B54-7C8C8B33FD3E}.Debug|Any CPU.Build.0 = Debug|Any CPU
		{BFB2577F-76E0-4A2E-8B54-7C8C8B33FD3E}.Release|Any CPU.ActiveCfg = Release|Any CPU
		{BFB2577F-76E0-4A2E-8B54-7C8C8B33FD3E}.Release|Any CPU.Build.0 = Release|Any CPU
	EndGlobalSection
	GlobalSection(SolutionProperties) = preSolution
		HideSolutionNode = FALSE
	EndGlobalSection
	GlobalSection(ExtensibilityGlobals) = postSolution
		SolutionGuid = {F37159E8-17B6-4AD0-ACC6-5D81B59DF9D5}
	EndGlobalSection
EndGlobal
